
Microsoft Visual Studio Solution File, Format Version 12.00
# Visual Studio 15
VisualStudioVersion = 15.0.28307.779
MinimumVisualStudioVersion = 10.0.40219.1
Project("{9A19103F-16F7-4668-BE54-9A1E7A4F7556}") = "MyCSharpLib", "MyCSharpLib\MyCSharpLib.csproj", "{A9EBD273-E73F-4051-BF56-E6A98FF2AA52}"
EndProject
Project("{9A19103F-16F7-4668-BE54-9A1E7A4F7556}") = "MyCSharpLib.Tests", "MyCSharpLib.Tests\MyCSharpLib.Tests.csproj", "{79B07336-2D2F-404E-9B1E-81F426CFD27F}"
EndProject
Project("{FAE04EC0-301F-11D3-BF4B-00C04F79EFBC}") = "MyCSharpLib.Wpf", "MyCSharpLib.Wpf\MyCSharpLib.Wpf.csproj", "{05322358-E260-438C-8CF2-A40235320819}"
EndProject
Project("{FAE04EC0-301F-11D3-BF4B-00C04F79EFBC}") = "MyCSharpLib.Wpf.Demo", "MyCSharpLib.Wpf.Demo\MyCSharpLib.Wpf.Demo.csproj", "{359C8C4F-5C25-4995-9128-476A060514BA}"
EndProject
Project("{9A19103F-16F7-4668-BE54-9A1E7A4F7556}") = "MyCSharpLib.Languages", "MyCSharpLib.Languages\MyCSharpLib.Languages.csproj", "{2982AB53-5D25-4B2D-9511-BB8478C46C5A}"
EndProject
Project("{FAE04EC0-301F-11D3-BF4B-00C04F79EFBC}") = "MyCSharpLib.Utilities", "MyCSharpLib.Utilities\MyCSharpLib.Utilities.csproj", "{5E3D66F3-3EB7-481D-A5D9-B32FB498E6AC}"
EndProject
Global
	GlobalSection(SolutionConfigurationPlatforms) = preSolution
		Debug|Any CPU = Debug|Any CPU
		Release|Any CPU = Release|Any CPU
	EndGlobalSection
	GlobalSection(ProjectConfigurationPlatforms) = postSolution
		{A9EBD273-E73F-4051-BF56-E6A98FF2AA52}.Debug|Any CPU.ActiveCfg = Debug|Any CPU
		{A9EBD273-E73F-4051-BF56-E6A98FF2AA52}.Debug|Any CPU.Build.0 = Debug|Any CPU
		{A9EBD273-E73F-4051-BF56-E6A98FF2AA52}.Release|Any CPU.ActiveCfg = Release|Any CPU
		{A9EBD273-E73F-4051-BF56-E6A98FF2AA52}.Release|Any CPU.Build.0 = Release|Any CPU
		{79B07336-2D2F-404E-9B1E-81F426CFD27F}.Debug|Any CPU.ActiveCfg = Debug|Any CPU
		{79B07336-2D2F-404E-9B1E-81F426CFD27F}.Debug|Any CPU.Build.0 = Debug|Any CPU
		{79B07336-2D2F-404E-9B1E-81F426CFD27F}.Release|Any CPU.ActiveCfg = Release|Any CPU
		{79B07336-2D2F-404E-9B1E-81F426CFD27F}.Release|Any CPU.Build.0 = Release|Any CPU
		{05322358-E260-438C-8CF2-A40235320819}.Debug|Any CPU.ActiveCfg = Debug|Any CPU
		{05322358-E260-438C-8CF2-A40235320819}.Debug|Any CPU.Build.0 = Debug|Any CPU
		{05322358-E260-438C-8CF2-A40235320819}.Release|Any CPU.ActiveCfg = Release|Any CPU
		{05322358-E260-438C-8CF2-A40235320819}.Release|Any CPU.Build.0 = Release|Any CPU
		{359C8C4F-5C25-4995-9128-476A060514BA}.Debug|Any CPU.ActiveCfg = Debug|Any CPU
		{359C8C4F-5C25-4995-9128-476A060514BA}.Debug|Any CPU.Build.0 = Debug|Any CPU
		{359C8C4F-5C25-4995-9128-476A060514BA}.Release|Any CPU.ActiveCfg = Release|Any CPU
		{359C8C4F-5C25-4995-9128-476A060514BA}.Release|Any CPU.Build.0 = Release|Any CPU
		{2982AB53-5D25-4B2D-9511-BB8478C46C5A}.Debug|Any CPU.ActiveCfg = Debug|Any CPU
		{2982AB53-5D25-4B2D-9511-BB8478C46C5A}.Debug|Any CPU.Build.0 = Debug|Any CPU
		{2982AB53-5D25-4B2D-9511-BB8478C46C5A}.Release|Any CPU.ActiveCfg = Release|Any CPU
		{2982AB53-5D25-4B2D-9511-BB8478C46C5A}.Release|Any CPU.Build.0 = Release|Any CPU
		{5E3D66F3-3EB7-481D-A5D9-B32FB498E6AC}.Debug|Any CPU.ActiveCfg = Debug|Any CPU
		{5E3D66F3-3EB7-481D-A5D9-B32FB498E6AC}.Debug|Any CPU.Build.0 = Debug|Any CPU
		{5E3D66F3-3EB7-481D-A5D9-B32FB498E6AC}.Release|Any CPU.ActiveCfg = Release|Any CPU
		{5E3D66F3-3EB7-481D-A5D9-B32FB498E6AC}.Release|Any CPU.Build.0 = Release|Any CPU
	EndGlobalSection
	GlobalSection(SolutionProperties) = preSolution
		HideSolutionNode = FALSE
	EndGlobalSection
	GlobalSection(ExtensibilityGlobals) = postSolution
		SolutionGuid = {528CF48F-5E01-451A-81BE-2AC111431634}
	EndGlobalSection
EndGlobal
